Microsoft Visual Studio Solution File, Format Version 11.00
# Visual Studio 2008

Project("{2ABAC1BB-79C5-BE8C-D7D3-D394C51C8C66}") = "MetalAlphaBroInThermonuclearExplosion", "Assembly-CSharp.csproj", "{247D76E4-0369-38A5-3D05-D95D34770823}"
EndProject
Global
	GlobalSection(SolutionConfigurationPlatforms) = preSolution
		Debug|Any CPU = Debug|Any CPU
		Release|Any CPU = Release|Any CPU
	EndGlobalSection
	GlobalSection(ProjectConfigurationPlatforms) = postSolution
		{247D76E4-0369-38A5-3D05-D95D34770823}.Debug|Any CPU.ActiveCfg = Debug|Any CPU
		{247D76E4-0369-38A5-3D05-D95D34770823}.Debug|Any CPU.Build.0 = Debug|Any CPU
		{247D76E4-0369-38A5-3D05-D95D34770823}.Release|Any CPU.ActiveCfg = Release|Any CPU
		{247D76E4-0369-38A5-3D05-D95D34770823}.Release|Any CPU.Build.0 = Release|Any CPU
	EndGlobalSection
	GlobalSection(SolutionProperties) = preSolution
		HideSolutionNode = FALSE
	EndGlobalSection
	GlobalSection(MonoDevelopProperties) = preSolution
		StartupItem = Assembly-CSharp.csproj
	EndGlobalSection
EndGlobal
