Microsoft Visual Studio Solution File, Format Version 11.00
# Visual Studio 2008

Project("{910D4B21-98F9-DCC7-0BE9-A66CC97F9ED3}") = "Shmup Test", "Assembly-CSharp.csproj", "{16759823-B82F-36C5-2DED-0D69BFFC1111}"
EndProject
Global
	GlobalSection(SolutionConfigurationPlatforms) = preSolution
		Debug|Any CPU = Debug|Any CPU
		Release|Any CPU = Release|Any CPU
	EndGlobalSection
	GlobalSection(ProjectConfigurationPlatforms) = postSolution
		{16759823-B82F-36C5-2DED-0D69BFFC1111}.Debug|Any CPU.ActiveCfg = Debug|Any CPU
		{16759823-B82F-36C5-2DED-0D69BFFC1111}.Debug|Any CPU.Build.0 = Debug|Any CPU
		{16759823-B82F-36C5-2DED-0D69BFFC1111}.Release|Any CPU.ActiveCfg = Release|Any CPU
		{16759823-B82F-36C5-2DED-0D69BFFC1111}.Release|Any CPU.Build.0 = Release|Any CPU
	EndGlobalSection
	GlobalSection(SolutionProperties) = preSolution
		HideSolutionNode = FALSE
	EndGlobalSection
	GlobalSection(MonoDevelopProperties) = preSolution
		StartupItem = Assembly-CSharp.csproj
	EndGlobalSection
EndGlobal
